// !$*UTF8*$!
{
	archiveVersion = 1;
	classes = {
	};
	objectVersion = 56;
	objects = {

/* Begin PBXBuildFile section */
		50EC27092B13CC83002D357A /* BonjourClientApp.swift in Sources */ = {isa = PBXBuildFile; fileRef = 50EC27082B13CC83002D357A /* BonjourClientApp.swift */; };
		50EC270D2B13CC85002D357A /* Assets.xcassets in Resources */ = {isa = PBXBuildFile; fileRef = 50EC270C2B13CC85002D357A /* Assets.xcassets */; };
		50EC27102B13CC85002D357A /* Preview Assets.xcassets in Resources */ = {isa = PBXBuildFile; fileRef = 50EC270F2B13CC85002D357A /* Preview Assets.xcassets */; };
		50EC27222B13CDB1002D357A /* Data+ToIP.swift in Sources */ = {isa = PBXBuildFile; fileRef = 50EC271B2B13CDB1002D357A /* Data+ToIP.swift */; };
		50EC27232B13CDB1002D357A /* ContentView.swift in Sources */ = {isa = PBXBuildFile; fileRef = 50EC271C2B13CDB1002D357A /* ContentView.swift */; };
		50EC27252B13CDB1002D357A /* NetworkBrowserService.swift in Sources */ = {isa = PBXBuildFile; fileRef = 50EC271F2B13CDB1002D357A /* NetworkBrowserService.swift */; };
		50EC27262B13CDB1002D357A /* ViewModel.swift in Sources */ = {isa = PBXBuildFile; fileRef = 50EC27202B13CDB1002D357A /* ViewModel.swift */; };
		50EC27272B13CDB1002D357A /* ServiceInfo.swift in Sources */ = {isa = PBXBuildFile; fileRef = 50EC27212B13CDB1002D357A /* ServiceInfo.swift */; };
/* End PBXBuildFile section */

/* Begin PBXFileReference section */
		50EC27052B13CC83002D357A /* BonjourClient.app */ = {isa = PBXFileReference; explicitFileType = wrapper.application; includeInIndex = 0; path = BonjourClient.app; sourceTree = BUILT_PRODUCTS_DIR; };
		50EC27082B13CC83002D357A /* BonjourClientApp.swift */ = {isa = PBXFileReference; lastKnownFileType = sourcecode.swift; path = BonjourClientApp.swift; sourceTree = "<group>"; };
		50EC270C2B13CC85002D357A /* Assets.xcassets */ = {isa = PBXFileReference; lastKnownFileType = folder.assetcatalog; path = Assets.xcassets; sourceTree = "<group>"; };
		50EC270F2B13CC85002D357A /* Preview Assets.xcassets */ = {isa = PBXFileReference; lastKnownFileType = folder.assetcatalog; path = "Preview Assets.xcassets"; sourceTree = "<group>"; };
		50EC271B2B13CDB1002D357A /* Data+ToIP.swift */ = {isa = PBXFileReference; fileEncoding = 4; lastKnownFileType = sourcecode.swift; path = "Data+ToIP.swift"; sourceTree = "<group>"; };
		50EC271C2B13CDB1002D357A /* ContentView.swift */ = {isa = PBXFileReference; fileEncoding = 4; lastKnownFileType = sourcecode.swift; path = ContentView.swift; sourceTree = "<group>"; };
		50EC271F2B13CDB1002D357A /* NetworkBrowserService.swift */ = {isa = PBXFileReference; fileEncoding = 4; lastKnownFileType = sourcecode.swift; path = NetworkBrowserService.swift; sourceTree = "<group>"; };
		50EC27202B13CDB1002D357A /* ViewModel.swift */ = {isa = PBXFileReference; fileEncoding = 4; lastKnownFileType = sourcecode.swift; path = ViewModel.swift; sourceTree = "<group>"; };
		50EC27212B13CDB1002D357A /* ServiceInfo.swift */ = {isa = PBXFileReference; fileEncoding = 4; lastKnownFileType = sourcecode.swift; path = ServiceInfo.swift; sourceTree = "<group>"; };
		50EC27282B13CE3D002D357A /* Info.plist */ = {isa = PBXFileReference; lastKnownFileType = text.plist; path = Info.plist; sourceTree = "<group>"; };
/* End PBXFileReference section */

/* Begin PBXFrameworksBuildPhase section */
		50EC27022B13CC83002D357A /* Frameworks */ = {
			isa = PBXFrameworksBuildPhase;
			buildActionMask = 2147483647;
			files = (
			);
			runOnlyForDeploymentPostprocessing = 0;
		};
/* End PBXFrameworksBuildPhase section */

/* Begin PBXGroup section */
		50EC26FC2B13CC83002D357A = {
			isa = PBXGroup;
			children = (
				50EC27072B13CC83002D357A /* BonjourClient */,
				50EC27062B13CC83002D357A /* Products */,
			);
			sourceTree = "<group>";
		};
		50EC27062B13CC83002D357A /* Products */ = {
			isa = PBXGroup;
			children = (
				50EC27052B13CC83002D357A /* BonjourClient.app */,
			);
			name = Products;
			sourceTree = "<group>";
		};
		50EC27072B13CC83002D357A /* BonjourClient */ = {
			isa = PBXGroup;
			children = (
				50EC27282B13CE3D002D357A /* Info.plist */,
				50EC27082B13CC83002D357A /* BonjourClientApp.swift */,
				50EC271C2B13CDB1002D357A /* ContentView.swift */,
				50EC27212B13CDB1002D357A /* ServiceInfo.swift */,
				50EC27202B13CDB1002D357A /* ViewModel.swift */,
				50EC271E2B13CDB1002D357A /* NetworkBrowser */,
				50EC271A2B13CDB1002D357A /* Extensions */,
				50EC270C2B13CC85002D357A /* Assets.xcassets */,
				50EC270E2B13CC85002D357A /* Preview Content */,
			);
			path = BonjourClient;
			sourceTree = "<group>";
		};
		50EC270E2B13CC85002D357A /* Preview Content */ = {
			isa = PBXGroup;
			children = (
				50EC270F2B13CC85002D357A /* Preview Assets.xcassets */,
			);
			path = "Preview Content";
			sourceTree = "<group>";
		};
		50EC271A2B13CDB1002D357A /* Extensions */ = {
			isa = PBXGroup;
			children = (
				50EC271B2B13CDB1002D357A /* Data+ToIP.swift */,
			);
			path = Extensions;
			sourceTree = "<group>";
		};
		50EC271E2B13CDB1002D357A /* NetworkBrowser */ = {
			isa = PBXGroup;
			children = (
				50EC271F2B13CDB1002D357A /* NetworkBrowserService.swift */,
			);
			path = NetworkBrowser;
			sourceTree = "<group>";
		};
/* End PBXGroup section */

/* Begin PBXNativeTarget section */
		50EC27042B13CC83002D357A /* BonjourClient */ = {
			isa = PBXNativeTarget;
			buildConfigurationList = 50EC27132B13CC85002D357A /* Build configuration list for PBXNativeTarget "BonjourClient" */;
			buildPhases = (
				50EC27012B13CC83002D357A /* Sources */,
				50EC27022B13CC83002D357A /* Frameworks */,
				50EC27032B13CC83002D357A /* Resources */,
			);
			buildRules = (
			);
			dependencies = (
			);
			name = BonjourClient;
			productName = BonjourClient;
			productReference = 50EC27052B13CC83002D357A /* BonjourClient.app */;
			productType = "com.apple.product-type.application";
		};
/* End PBXNativeTarget section */

/* Begin PBXProject section */
		50EC26FD2B13CC83002D357A /* Project object */ = {
			isa = PBXProject;
			attributes = {
				BuildIndependentTargetsInParallel = 1;
				LastSwiftUpdateCheck = 1500;
				LastUpgradeCheck = 1500;
				TargetAttributes = {
					50EC27042B13CC83002D357A = {
						CreatedOnToolsVersion = 15.0.1;
					};
				};
			};
			buildConfigurationList = 50EC27002B13CC83002D357A /* Build configuration list for PBXProject "BonjourClient" */;
			compatibilityVersion = "Xcode 14.0";
			developmentRegion = en;
			hasScannedForEncodings = 0;
			knownRegions = (
				en,
				Base,
			);
			mainGroup = 50EC26FC2B13CC83002D357A;
			productRefGroup = 50EC27062B13CC83002D357A /* Products */;
			projectDirPath = "";
			projectRoot = "";
			targets = (
				50EC27042B13CC83002D357A /* BonjourClient */,
			);
		};
/* End PBXProject section */

/* Begin PBXResourcesBuildPhase section */
		50EC27032B13CC83002D357A /* Resources */ = {
			isa = PBXResourcesBuildPhase;
			buildActionMask = 2147483647;
			files = (
				50EC27102B13CC85002D357A /* Preview Assets.xcassets in Resources */,
				50EC270D2B13CC85002D357A /* Assets.xcassets in Resources */,
			);
			runOnlyForDeploymentPostprocessing = 0;
		};
/* End PBXResourcesBuildPhase section */

/* Begin PBXSourcesBuildPhase section */
		50EC27012B13CC83002D357A /* Sources */ = {
			isa = PBXSourcesBuildPhase;
			buildActionMask = 2147483647;
			files = (
				50EC27092B13CC83002D357A /* BonjourClientApp.swift in Sources */,
				50EC27252B13CDB1002D357A /* NetworkBrowserService.swift in Sources */,
				50EC27222B13CDB1002D357A /* Data+ToIP.swift in Sources */,
				50EC27272B13CDB1002D357A /* ServiceInfo.swift in Sources */,
				50EC27262B13CDB1002D357A /* ViewModel.swift in Sources */,
				50EC27232B13CDB1002D357A /* ContentView.swift in Sources */,
			);
			runOnlyForDeploymentPostprocessing = 0;
		};
/* End PBXSourcesBuildPhase section */

/* Begin XCBuildConfiguration section */
		50EC27112B13CC85002D357A /* Debug */ = {
			isa = XCBuildConfiguration;
			buildSettings = {
				ALWAYS_SEARCH_USER_PATHS = NO;
				ASSETCATALOG_COMPILER_GENERATE_SWIFT_ASSET_SYMBOL_EXTENSIONS = YES;
				CLANG_ANALYZER_NONNULL = YES;
				CLANG_ANALYZER_NUMBER_OBJECT_CONVERSION = YES_AGGRESSIVE;
				CLANG_CXX_LANGUAGE_STANDARD = "gnu++20";
				CLANG_ENABLE_MODULES = YES;
				CLANG_ENABLE_OBJC_ARC = YES;
				CLANG_ENABLE_OBJC_WEAK = YES;
				CLANG_WARN_BLOCK_CAPTURE_AUTORELEASING = YES;
				CLANG_WARN_BOOL_CONVERSION = YES;
				CLANG_WARN_COMMA = YES;
				CLANG_WARN_CONSTANT_CONVERSION = YES;
				CLANG_WARN_DEPRECATED_OBJC_IMPLEMENTATIONS = YES;
				CLANG_WARN_DIRECT_OBJC_ISA_USAGE = YES_ERROR;
				CLANG_WARN_DOCUMENTATION_COMMENTS = YES;
				CLANG_WARN_EMPTY_BODY = YES;
				CLANG_WARN_ENUM_CONVERSION = YES;
				CLANG_WARN_INFINITE_RECURSION = YES;
				CLANG_WARN_INT_CONVERSION = YES;
				CLANG_WARN_NON_LITERAL_NULL_CONVERSION = YES;
				CLANG_WARN_OBJC_IMPLICIT_RETAIN_SELF = YES;
				CLANG_WARN_OBJC_LITERAL_CONVERSION = YES;
				CLANG_WARN_OBJC_ROOT_CLASS = YES_ERROR;
				CLANG_WARN_QUOTED_INCLUDE_IN_FRAMEWORK_HEADER = YES;
				CLANG_WARN_RANGE_LOOP_ANALYSIS = YES;
				CLANG_WARN_STRICT_PROTOTYPES = YES;
				CLANG_WARN_SUSPICIOUS_MOVE = YES;
				CLANG_WARN_UNGUARDED_AVAILABILITY = YES_AGGRESSIVE;
				CLANG_WARN_UNREACHABLE_CODE = YES;
				CLANG_WARN__DUPLICATE_METHOD_MATCH = YES;
				COPY_PHASE_STRIP = NO;
				DEBUG_INFORMATION_FORMAT = dwarf;
				ENABLE_STRICT_OBJC_MSGSEND = YES;
				ENABLE_TESTABILITY = YES;
				ENABLE_USER_SCRIPT_SANDBOXING = YES;
				GCC_C_LANGUAGE_STANDARD = gnu17;
				GCC_DYNAMIC_NO_PIC = NO;
				GCC_NO_COMMON_BLOCKS = YES;
				GCC_OPTIMIZATION_LEVEL = 0;
				GCC_PREPROCESSOR_DEFINITIONS = (
					"DEBUG=1",
					"$(inherited)",
				);
				GCC_WARN_64_TO_32_BIT_CONVERSION = YES;
				GCC_WARN_ABOUT_RETURN_TYPE = YES_ERROR;
				GCC_WARN_UNDECLARED_SELECTOR = YES;
				GCC_WARN_UNINITIALIZED_AUTOS = YES_AGGRESSIVE;
				GCC_WARN_UNUSED_FUNCTION = YES;
				GCC_WARN_UNUSED_VARIABLE = YES;
				IPHONEOS_DEPLOYMENT_TARGET = 17.0;
				LOCALIZATION_PREFERS_STRING_CATALOGS = YES;
				MTL_ENABLE_DEBUG_INFO = INCLUDE_SOURCE;
				MTL_FAST_MATH = YES;
				ONLY_ACTIVE_ARCH = YES;
				SDKROOT = iphoneos;
				SWIFT_ACTIVE_COMPILATION_CONDITIONS = "DEBUG $(inherited)";
				SWIFT_OPTIMIZATION_LEVEL = "-Onone";
			};
			name = Debug;
		};
		50EC27122B13CC85002D357A /* Release */ = {
			isa = XCBuildConfiguration;
			buildSettings = {
				ALWAYS_SEARCH_USER_PATHS = NO;
				ASSETCATALOG_COMPILER_GENERATE_SWIFT_ASSET_SYMBOL_EXTENSIONS = YES;
				CLANG_ANALYZER_NONNULL = YES;
				CLANG_ANALYZER_NUMBER_OBJECT_CONVERSION = YES_AGGRESSIVE;
				CLANG_CXX_LANGUAGE_STANDARD = "gnu++20";
				CLANG_ENABLE_MODULES = YES;
				CLANG_ENABLE_OBJC_ARC = YES;
				CLANG_ENABLE_OBJC_WEAK = YES;
				CLANG_WARN_BLOCK_CAPTURE_AUTORELEASING = YES;
				CLANG_WARN_BOOL_CONVERSION = YES;
				CLANG_WARN_COMMA = YES;
				CLANG_WARN_CONSTANT_CONVERSION = YES;
				CLANG_WARN_DEPRECATED_OBJC_IMPLEMENTATIONS = YES;
				CLANG_WARN_DIRECT_OBJC_ISA_USAGE = YES_ERROR;
				CLANG_WARN_DOCUMENTATION_COMMENTS = YES;
				CLANG_WARN_EMPTY_BODY = YES;
				CLANG_WARN_ENUM_CONVERSION = YES;
				CLANG_WARN_INFINITE_RECURSION = YES;
				CLANG_WARN_INT_CONVERSION = YES;
				CLANG_WARN_NON_LITERAL_NULL_CONVERSION = YES;
				CLANG_WARN_OBJC_IMPLICIT_RETAIN_SELF = YES;
				CLANG_WARN_OBJC_LITERAL_CONVERSION = YES;
				CLANG_WARN_OBJC_ROOT_CLASS = YES_ERROR;
				CLANG_WARN_QUOTED_INCLUDE_IN_FRAMEWORK_HEADER = YES;
				CLANG_WARN_RANGE_LOOP_ANALYSIS = YES;
				CLANG_WARN_STRICT_PROTOTYPES = YES;
				CLANG_WARN_SUSPICIOUS_MOVE = YES;
				CLANG_WARN_UNGUARDED_AVAILABILITY = YES_AGGRESSIVE;
				CLANG_WARN_UNREACHABLE_CODE = YES;
				CLANG_WARN__DUPLICATE_METHOD_MATCH = YES;
				COPY_PHASE_STRIP = NO;
				DEBUG_INFORMATION_FORMAT = "dwarf-with-dsym";
				ENABLE_NS_ASSERTIONS = NO;
				ENABLE_STRICT_OBJC_MSGSEND = YES;
				ENABLE_USER_SCRIPT_SANDBOXING = YES;
				GCC_C_LANGUAGE_STANDARD = gnu17;
				GCC_NO_COMMON_BLOCKS = YES;
				GCC_WARN_64_TO_32_BIT_CONVERSION = YES;
				GCC_WARN_ABOUT_RETURN_TYPE = YES_ERROR;
				GCC_WARN_UNDECLARED_SELECTOR = YES;
				GCC_WARN_UNINITIALIZED_AUTOS = YES_AGGRESSIVE;
				GCC_WARN_UNUSED_FUNCTION = YES;
				GCC_WARN_UNUSED_VARIABLE = YES;
				IPHONEOS_DEPLOYMENT_TARGET = 17.0;
				LOCALIZATION_PREFERS_STRING_CATALOGS = YES;
				MTL_ENABLE_DEBUG_INFO = NO;
				MTL_FAST_MATH = YES;
				SDKROOT = iphoneos;
				SWIFT_COMPILATION_MODE = wholemodule;
				VALIDATE_PRODUCT = YES;
			};
			name = Release;
		};
		50EC27142B13CC85002D357A /* Debug */ = {
			isa = XCBuildConfiguration;
			buildSettings = {
				ASSETCATALOG_COMPILER_APPICON_NAME = AppIcon;
				ASSETCATALOG_COMPILER_GLOBAL_ACCENT_COLOR_NAME = AccentColor;
				CODE_SIGN_STYLE = Automatic;
				CURRENT_PROJECT_VERSION = 1;
				DEVELOPMENT_ASSET_PATHS = "\"BonjourClient/Preview Content\"";
				DEVELOPMENT_TEAM = XZ4VCY962M;
				ENABLE_PREVIEWS = YES;
				GENERATE_INFOPLIST_FILE = YES;
				INFOPLIST_FILE = BonjourClient/Info.plist;
				INFOPLIST_KEY_NSLocalNetworkUsageDescription = "Looking for local tcp Bonjour service";
				INFOPLIST_KEY_UIApplicationSceneManifest_Generation = YES;
				INFOPLIST_KEY_UIApplicationSupportsIndirectInputEvents = YES;
				INFOPLIST_KEY_UILaunchScreen_Generation = YES;
				INFOPLIST_KEY_UISupportedInterfaceOrientations_iPad = "UIInterfaceOrientationPortrait UIInterfaceOrientationPortraitUpsideDown UIInterfaceOrientationLandscapeLeft UIInterfaceOrientationLandscapeRight";
				INFOPLIST_KEY_UISupportedInterfaceOrientations_iPhone = "UIInterfaceOrientationPortrait UIInterfaceOrientationLandscapeLeft UIInterfaceOrientationLandscapeRight";
				LD_RUNPATH_SEARCH_PATHS = (
					"$(inherited)",
					"@executable_path/Frameworks",
				);
				MARKETING_VERSION = 1.0;
				PRODUCT_BUNDLE_IDENTIFIER = com.test.NetworkBonjourDemo;
				PRODUCT_NAME = "$(TARGET_NAME)";
				SWIFT_EMIT_LOC_STRINGS = YES;
				SWIFT_VERSION = 5.0;
				TARGETED_DEVICE_FAMILY = "1,2";
			};
			name = Debug;
		};
		50EC27152B13CC85002D357A /* Release */ = {
			isa = XCBuildConfiguration;
			buildSettings = {
				ASSETCATALOG_COMPILER_APPICON_NAME = AppIcon;
				ASSETCATALOG_COMPILER_GLOBAL_ACCENT_COLOR_NAME = AccentColor;
				CODE_SIGN_STYLE = Automatic;
				CURRENT_PROJECT_VERSION = 1;
				DEVELOPMENT_ASSET_PATHS = "\"BonjourClient/Preview Content\"";
				DEVELOPMENT_TEAM = XZ4VCY962M;
				ENABLE_PREVIEWS = YES;
				GENERATE_INFOPLIST_FILE = YES;
				INFOPLIST_FILE = BonjourClient/Info.plist;
				INFOPLIST_KEY_NSLocalNetworkUsageDescription = "Looking for local tcp Bonjour service";
				INFOPLIST_KEY_UIApplicationSceneManifest_Generation = YES;
				INFOPLIST_KEY_UIApplicationSupportsIndirectInputEvents = YES;
				INFOPLIST_KEY_UILaunchScreen_Generation = YES;
				INFOPLIST_KEY_UISupportedInterfaceOrientations_iPad = "UIInterfaceOrientationPortrait UIInterfaceOrientationPortraitUpsideDown UIInterfaceOrientationLandscapeLeft UIInterfaceOrientationLandscapeRight";
				INFOPLIST_KEY_UISupportedInterfaceOrientations_iPhone = "UIInterfaceOrientationPortrait UIInterfaceOrientationLandscapeLeft UIInterfaceOrientationLandscapeRight";
				LD_RUNPATH_SEARCH_PATHS = (
					"$(inherited)",
					"@executable_path/Frameworks",
				);
				MARKETING_VERSION = 1.0;
				PRODUCT_BUNDLE_IDENTIFIER = com.test.NetworkBonjourDemo;
				PRODUCT_NAME = "$(TARGET_NAME)";
				SWIFT_EMIT_LOC_STRINGS = YES;
				SWIFT_VERSION = 5.0;
				TARGETED_DEVICE_FAMILY = "1,2";
			};
			name = Release;
		};
/* End XCBuildConfiguration section */

/* Begin XCConfigurationList section */
		50EC27002B13CC83002D357A /* Build configuration list for PBXProject "BonjourClient" */ = {
			isa = XCConfigurationList;
			buildConfigurations = (
				50EC27112B13CC85002D357A /* Debug */,
				50EC27122B13CC85002D357A /* Release */,
			);
			defaultConfigurationIsVisible = 0;
			defaultConfigurationName = Release;
		};
		50EC27132B13CC85002D357A /* Build configuration list for PBXNativeTarget "BonjourClient" */ = {
			isa = XCConfigurationList;
			buildConfigurations = (
				50EC27142B13CC85002D357A /* Debug */,
				50EC27152B13CC85002D357A /* Release */,
			);
			defaultConfigurationIsVisible = 0;
			defaultConfigurationName = Release;
		};
/* End XCConfigurationList section */
	};
	rootObject = 50EC26FD2B13CC83002D357A /* Project object */;
}
